
Microsoft Visual Studio Solution File, Format Version 12.00
Project("{FAE04EC0-301F-11D3-BF4B-00C04F79EFBC}") = "DbWork", "DbWork\DbWork.csproj", "{60F72070-ADA8-4CDC-8234-4F9C004E5C57}"
EndProject
Global
	GlobalSection(SolutionConfigurationPlatforms) = preSolution
		Debug|Any CPU = Debug|Any CPU
		Release|Any CPU = Release|Any CPU
	EndGlobalSection
	GlobalSection(ProjectConfigurationPlatforms) = postSolution
		{60F72070-ADA8-4CDC-8234-4F9C004E5C57}.Debug|Any CPU.ActiveCfg = Debug|Any CPU
		{60F72070-ADA8-4CDC-8234-4F9C004E5C57}.Debug|Any CPU.Build.0 = Debug|Any CPU
		{60F72070-ADA8-4CDC-8234-4F9C004E5C57}.Release|Any CPU.ActiveCfg = Release|Any CPU
		{60F72070-ADA8-4CDC-8234-4F9C004E5C57}.Release|Any CPU.Build.0 = Release|Any CPU
	EndGlobalSection
EndGlobal
